
Microsoft Visual Studio Solution File, Format Version 12.00
# Visual Studio Version 16
VisualStudioVersion = 16.0.30621.155
MinimumVisualStudioVersion = 10.0.40219.1
Project("{FAE04EC0-301F-11D3-BF4B-00C04F79EFBC}") = "Tarea de Funciones2", "Tarea de Funciones2\Tarea de Funciones2.csproj", "{6655132A-51C6-4285-8753-1D44320547FD}"
EndProject
Global
	GlobalSection(SolutionConfigurationPlatforms) = preSolution
		Debug|Any CPU = Debug|Any CPU
		Release|Any CPU = Release|Any CPU
	EndGlobalSection
	GlobalSection(ProjectConfigurationPlatforms) = postSolution
		{6655132A-51C6-4285-8753-1D44320547FD}.Debug|Any CPU.ActiveCfg = Debug|Any CPU
		{6655132A-51C6-4285-8753-1D44320547FD}.Debug|Any CPU.Build.0 = Debug|Any CPU
		{6655132A-51C6-4285-8753-1D44320547FD}.Release|Any CPU.ActiveCfg = Release|Any CPU
		{6655132A-51C6-4285-8753-1D44320547FD}.Release|Any CPU.Build.0 = Release|Any CPU
	EndGlobalSection
	GlobalSection(SolutionProperties) = preSolution
		HideSolutionNode = FALSE
	EndGlobalSection
	GlobalSection(ExtensibilityGlobals) = postSolution
		SolutionGuid = {62FA62C2-4531-481C-B53E-9069028E0145}
	EndGlobalSection
EndGlobal
